// !$*UTF8*$!
{
	archiveVersion = 1;
	classes = {
	};
	objectVersion = 46;
	objects = {

/* Begin PBXBuildFile section */
		5DDB13581AF076E60097A8E8 /* NSString+Category.m in Sources */ = {isa = PBXBuildFile; fileRef = 5DDB13571AF076E60097A8E8 /* NSString+Category.m */; };
		5DEAE8361AF218F300D55CE1 /* PersonObject+Friendlist.h in Sources */ = {isa = PBXBuildFile; fileRef = 5DEAE8351AF218F300D55CE1 /* PersonObject+Friendlist.h */; };
		5DEAE8381AF219AD00D55CE1 /* PersonObject.m in Sources */ = {isa = PBXBuildFile; fileRef = 5DEAE8371AF219AD00D55CE1 /* PersonObject.m */; };
		5DEAE83B1AF219F400D55CE1 /* PersonObject+Work.h in Sources */ = {isa = PBXBuildFile; fileRef = 5DEAE83A1AF219F400D55CE1 /* PersonObject+Work.h */; };
		5DEAE83E1AF21A2C00D55CE1 /* PersonObject+Life.h in Sources */ = {isa = PBXBuildFile; fileRef = 5DEAE83D1AF21A2C00D55CE1 /* PersonObject+Life.h */; };
		5DFF12481AF07466008042CF /* main.m in Sources */ = {isa = PBXBuildFile; fileRef = 5DFF12471AF07466008042CF /* main.m */; };
		5DFF124B1AF07466008042CF /* AppDelegate.m in Sources */ = {isa = PBXBuildFile; fileRef = 5DFF124A1AF07466008042CF /* AppDelegate.m */; };
		5DFF124E1AF07466008042CF /* ViewController.m in Sources */ = {isa = PBXBuildFile; fileRef = 5DFF124D1AF07466008042CF /* ViewController.m */; };
		5DFF12511AF07466008042CF /* Main.storyboard in Resources */ = {isa = PBXBuildFile; fileRef = 5DFF124F1AF07466008042CF /* Main.storyboard */; };
		5DFF12531AF07466008042CF /* Images.xcassets in Resources */ = {isa = PBXBuildFile; fileRef = 5DFF12521AF07466008042CF /* Images.xcassets */; };
		5DFF12561AF07466008042CF /* LaunchScreen.xib in Resources */ = {isa = PBXBuildFile; fileRef = 5DFF12541AF07466008042CF /* LaunchScreen.xib */; };
		5DFF12621AF07466008042CF /* DeepIntoCategoryTests.m in Sources */ = {isa = PBXBuildFile; fileRef = 5DFF12611AF07466008042CF /* DeepIntoCategoryTests.m */; };
/* End PBXBuildFile section */

/* Begin PBXContainerItemProxy section */
		5DFF125C1AF07466008042CF /* PBXContainerItemProxy */ = {
			isa = PBXContainerItemProxy;
			containerPortal = 5DFF123A1AF07466008042CF /* Project object */;
			proxyType = 1;
			remoteGlobalIDString = 5DFF12411AF07466008042CF;
			remoteInfo = DeepIntoCategory;
		};
/* End PBXContainerItemProxy section */

/* Begin PBXFileReference section */
		5DDB13561AF076E60097A8E8 /* NSString+Category.h */ = {isa = PBXFileReference; fileEncoding = 4; lastKnownFileType = sourcecode.c.h; path = "NSString+Category.h"; sourceTree = "<group>"; };
		5DDB13571AF076E60097A8E8 /* NSString+Category.m */ = {isa = PBXFileReference; fileEncoding = 4; lastKnownFileType = sourcecode.c.objc; path = "NSString+Category.m"; sourceTree = "<group>"; };
		5DDB135B1AF07E6C0097A8E8 /* Associate object.md */ = {isa = PBXFileReference; fileEncoding = 4; lastKnownFileType = net.daringfireball.markdown; path = "Associate object.md"; sourceTree = "<group>"; };
		5DEAE8311AF216D800D55CE1 /* PersonObject.h */ = {isa = PBXFileReference; fileEncoding = 4; lastKnownFileType = sourcecode.c.h; path = PersonObject.h; sourceTree = "<group>"; };
		5DEAE8351AF218F300D55CE1 /* PersonObject+Friendlist.h */ = {isa = PBXFileReference; fileEncoding = 4; lastKnownFileType = sourcecode.c.h; path = "PersonObject+Friendlist.h"; sourceTree = "<group>"; };
		5DEAE8371AF219AD00D55CE1 /* PersonObject.m */ = {isa = PBXFileReference; fileEncoding = 4; lastKnownFileType = sourcecode.c.objc; path = PersonObject.m; sourceTree = "<group>"; };
		5DEAE83A1AF219F400D55CE1 /* PersonObject+Work.h */ = {isa = PBXFileReference; fileEncoding = 4; lastKnownFileType = sourcecode.c.h; path = "PersonObject+Work.h"; sourceTree = "<group>"; };
		5DEAE83D1AF21A2C00D55CE1 /* PersonObject+Life.h */ = {isa = PBXFileReference; fileEncoding = 4; lastKnownFileType = sourcecode.c.h; path = "PersonObject+Life.h"; sourceTree = "<group>"; };
		5DFF12421AF07466008042CF /* DeepIntoCategory.app */ = {isa = PBXFileReference; explicitFileType = wrapper.application; includeInIndex = 0; path = DeepIntoCategory.app; sourceTree = BUILT_PRODUCTS_DIR; };
		5DFF12461AF07466008042CF /* Info.plist */ = {isa = PBXFileReference; lastKnownFileType = text.plist.xml; path = Info.plist; sourceTree = "<group>"; };
		5DFF12471AF07466008042CF /* main.m */ = {isa = PBXFileReference; lastKnownFileType = sourcecode.c.objc; path = main.m; sourceTree = "<group>"; };
		5DFF12491AF07466008042CF /* AppDelegate.h */ = {isa = PBXFileReference; lastKnownFileType = sourcecode.c.h; path = AppDelegate.h; sourceTree = "<group>"; };
		5DFF124A1AF07466008042CF /* AppDelegate.m */ = {isa = PBXFileReference; lastKnownFileType = sourcecode.c.objc; path = AppDelegate.m; sourceTree = "<group>"; };
		5DFF124C1AF07466008042CF /* ViewController.h */ = {isa = PBXFileReference; lastKnownFileType = sourcecode.c.h; path = ViewController.h; sourceTree = "<group>"; };
		5DFF124D1AF07466008042CF /* ViewController.m */ = {isa = PBXFileReference; lastKnownFileType = sourcecode.c.objc; path = ViewController.m; sourceTree = "<group>"; };
		5DFF12501AF07466008042CF /* Base */ = {isa = PBXFileReference; lastKnownFileType = file.storyboard; name = Base; path = Base.lproj/Main.storyboard; sourceTree = "<group>"; };
		5DFF12521AF07466008042CF /* Images.xcassets */ = {isa = PBXFileReference; lastKnownFileType = folder.assetcatalog; path = Images.xcassets; sourceTree = "<group>"; };
		5DFF12551AF07466008042CF /* Base */ = {isa = PBXFileReference; lastKnownFileType = file.xib; name = Base; path = Base.lproj/LaunchScreen.xib; sourceTree = "<group>"; };
		5DFF125B1AF07466008042CF /* DeepIntoCategoryTests.xctest */ = {isa = PBXFileReference; explicitFileType = wrapper.cfbundle; includeInIndex = 0; path = DeepIntoCategoryTests.xctest; sourceTree = BUILT_PRODUCTS_DIR; };
		5DFF12601AF07466008042CF /* Info.plist */ = {isa = PBXFileReference; lastKnownFileType = text.plist.xml; path = Info.plist; sourceTree = "<group>"; };
		5DFF12611AF07466008042CF /* DeepIntoCategoryTests.m */ = {isa = PBXFileReference; lastKnownFileType = sourcecode.c.objc; path = DeepIntoCategoryTests.m; sourceTree = "<group>"; };
/* End PBXFileReference section */

/* Begin PBXFrameworksBuildPhase section */
		5DFF123F1AF07466008042CF /* Frameworks */ = {
			isa = PBXFrameworksBuildPhase;
			buildActionMask = 2147483647;
			files = (
			);
			runOnlyForDeploymentPostprocessing = 0;
		};
		5DFF12581AF07466008042CF /* Frameworks */ = {
			isa = PBXFrameworksBuildPhase;
			buildActionMask = 2147483647;
			files = (
			);
			runOnlyForDeploymentPostprocessing = 0;
		};
/* End PBXFrameworksBuildPhase section */

/* Begin PBXGroup section */
		5DEAE8301AF216C900D55CE1 /* PersonObject */ = {
			isa = PBXGroup;
			children = (
				5DEAE8311AF216D800D55CE1 /* PersonObject.h */,
				5DEAE8371AF219AD00D55CE1 /* PersonObject.m */,
				5DEAE8351AF218F300D55CE1 /* PersonObject+Friendlist.h */,
				5DEAE83A1AF219F400D55CE1 /* PersonObject+Work.h */,
				5DEAE83D1AF21A2C00D55CE1 /* PersonObject+Life.h */,
			);
			path = PersonObject;
			sourceTree = "<group>";
		};
		5DFF12391AF07466008042CF = {
			isa = PBXGroup;
			children = (
				5DFF12441AF07466008042CF /* DeepIntoCategory */,
				5DFF125E1AF07466008042CF /* DeepIntoCategoryTests */,
				5DFF12431AF07466008042CF /* Products */,
			);
			sourceTree = "<group>";
		};
		5DFF12431AF07466008042CF /* Products */ = {
			isa = PBXGroup;
			children = (
				5DFF12421AF07466008042CF /* DeepIntoCategory.app */,
				5DFF125B1AF07466008042CF /* DeepIntoCategoryTests.xctest */,
			);
			name = Products;
			sourceTree = "<group>";
		};
		5DFF12441AF07466008042CF /* DeepIntoCategory */ = {
			isa = PBXGroup;
			children = (
				5DEAE8301AF216C900D55CE1 /* PersonObject */,
				5DFF12491AF07466008042CF /* AppDelegate.h */,
				5DFF124A1AF07466008042CF /* AppDelegate.m */,
				5DFF124C1AF07466008042CF /* ViewController.h */,
				5DFF124D1AF07466008042CF /* ViewController.m */,
				5DFF12451AF07466008042CF /* Supporting Files */,
				5DDB13561AF076E60097A8E8 /* NSString+Category.h */,
				5DDB13571AF076E60097A8E8 /* NSString+Category.m */,
				5DDB135B1AF07E6C0097A8E8 /* Associate object.md */,
			);
			path = DeepIntoCategory;
			sourceTree = "<group>";
		};
		5DFF12451AF07466008042CF /* Supporting Files */ = {
			isa = PBXGroup;
			children = (
				5DFF124F1AF07466008042CF /* Main.storyboard */,
				5DFF12521AF07466008042CF /* Images.xcassets */,
				5DFF12541AF07466008042CF /* LaunchScreen.xib */,
				5DFF12461AF07466008042CF /* Info.plist */,
				5DFF12471AF07466008042CF /* main.m */,
			);
			name = "Supporting Files";
			sourceTree = "<group>";
		};
		5DFF125E1AF07466008042CF /* DeepIntoCategoryTests */ = {
			isa = PBXGroup;
			children = (
				5DFF12611AF07466008042CF /* DeepIntoCategoryTests.m */,
				5DFF125F1AF07466008042CF /* Supporting Files */,
			);
			path = DeepIntoCategoryTests;
			sourceTree = "<group>";
		};
		5DFF125F1AF07466008042CF /* Supporting Files */ = {
			isa = PBXGroup;
			children = (
				5DFF12601AF07466008042CF /* Info.plist */,
			);
			name = "Supporting Files";
			sourceTree = "<group>";
		};
/* End PBXGroup section */

/* Begin PBXNativeTarget section */
		5DFF12411AF07466008042CF /* DeepIntoCategory */ = {
			isa = PBXNativeTarget;
			buildConfigurationList = 5DFF12651AF07466008042CF /* Build configuration list for PBXNativeTarget "DeepIntoCategory" */;
			buildPhases = (
				5DFF123E1AF07466008042CF /* Sources */,
				5DFF123F1AF07466008042CF /* Frameworks */,
				5DFF12401AF07466008042CF /* Resources */,
			);
			buildRules = (
			);
			dependencies = (
			);
			name = DeepIntoCategory;
			productName = DeepIntoCategory;
			productReference = 5DFF12421AF07466008042CF /* DeepIntoCategory.app */;
			productType = "com.apple.product-type.application";
		};
		5DFF125A1AF07466008042CF /* DeepIntoCategoryTests */ = {
			isa = PBXNativeTarget;
			buildConfigurationList = 5DFF12681AF07466008042CF /* Build configuration list for PBXNativeTarget "DeepIntoCategoryTests" */;
			buildPhases = (
				5DFF12571AF07466008042CF /* Sources */,
				5DFF12581AF07466008042CF /* Frameworks */,
				5DFF12591AF07466008042CF /* Resources */,
			);
			buildRules = (
			);
			dependencies = (
				5DFF125D1AF07466008042CF /* PBXTargetDependency */,
			);
			name = DeepIntoCategoryTests;
			productName = DeepIntoCategoryTests;
			productReference = 5DFF125B1AF07466008042CF /* DeepIntoCategoryTests.xctest */;
			productType = "com.apple.product-type.bundle.unit-test";
		};
/* End PBXNativeTarget section */

/* Begin PBXProject section */
		5DFF123A1AF07466008042CF /* Project object */ = {
			isa = PBXProject;
			attributes = {
				LastUpgradeCheck = 0630;
				ORGANIZATIONNAME = ronglei;
				TargetAttributes = {
					5DFF12411AF07466008042CF = {
						CreatedOnToolsVersion = 6.3.1;
					};
					5DFF125A1AF07466008042CF = {
						CreatedOnToolsVersion = 6.3.1;
						TestTargetID = 5DFF12411AF07466008042CF;
					};
				};
			};
			buildConfigurationList = 5DFF123D1AF07466008042CF /* Build configuration list for PBXProject "DeepIntoCategory" */;
			compatibilityVersion = "Xcode 3.2";
			developmentRegion = English;
			hasScannedForEncodings = 0;
			knownRegions = (
				en,
				Base,
			);
			mainGroup = 5DFF12391AF07466008042CF;
			productRefGroup = 5DFF12431AF07466008042CF /* Products */;
			projectDirPath = "";
			projectRoot = "";
			targets = (
				5DFF12411AF07466008042CF /* DeepIntoCategory */,
				5DFF125A1AF07466008042CF /* DeepIntoCategoryTests */,
			);
		};
/* End PBXProject section */

/* Begin PBXResourcesBuildPhase section */
		5DFF12401AF07466008042CF /* Resources */ = {
			isa = PBXResourcesBuildPhase;
			buildActionMask = 2147483647;
			files = (
				5DFF12511AF07466008042CF /* Main.storyboard in Resources */,
				5DFF12561AF07466008042CF /* LaunchScreen.xib in Resources */,
				5DFF12531AF07466008042CF /* Images.xcassets in Resources */,
			);
			runOnlyForDeploymentPostprocessing = 0;
		};
		5DFF12591AF07466008042CF /* Resources */ = {
			isa = PBXResourcesBuildPhase;
			buildActionMask = 2147483647;
			files = (
			);
			runOnlyForDeploymentPostprocessing = 0;
		};
/* End PBXResourcesBuildPhase section */

/* Begin PBXSourcesBuildPhase section */
		5DFF123E1AF07466008042CF /* Sources */ = {
			isa = PBXSourcesBuildPhase;
			buildActionMask = 2147483647;
			files = (
				5DFF124E1AF07466008042CF /* ViewController.m in Sources */,
				5DEAE83B1AF219F400D55CE1 /* PersonObject+Work.h in Sources */,
				5DFF124B1AF07466008042CF /* AppDelegate.m in Sources */,
				5DFF12481AF07466008042CF /* main.m in Sources */,
				5DEAE8381AF219AD00D55CE1 /* PersonObject.m in Sources */,
				5DDB13581AF076E60097A8E8 /* NSString+Category.m in Sources */,
				5DEAE8361AF218F300D55CE1 /* PersonObject+Friendlist.h in Sources */,
				5DEAE83E1AF21A2C00D55CE1 /* PersonObject+Life.h in Sources */,
			);
			runOnlyForDeploymentPostprocessing = 0;
		};
		5DFF12571AF07466008042CF /* Sources */ = {
			isa = PBXSourcesBuildPhase;
			buildActionMask = 2147483647;
			files = (
				5DFF12621AF07466008042CF /* DeepIntoCategoryTests.m in Sources */,
			);
			runOnlyForDeploymentPostprocessing = 0;
		};
/* End PBXSourcesBuildPhase section */

/* Begin PBXTargetDependency section */
		5DFF125D1AF07466008042CF /* PBXTargetDependency */ = {
			isa = PBXTargetDependency;
			target = 5DFF12411AF07466008042CF /* DeepIntoCategory */;
			targetProxy = 5DFF125C1AF07466008042CF /* PBXContainerItemProxy */;
		};
/* End PBXTargetDependency section */

/* Begin PBXVariantGroup section */
		5DFF124F1AF07466008042CF /* Main.storyboard */ = {
			isa = PBXVariantGroup;
			children = (
				5DFF12501AF07466008042CF /* Base */,
			);
			name = Main.storyboard;
			sourceTree = "<group>";
		};
		5DFF12541AF07466008042CF /* LaunchScreen.xib */ = {
			isa = PBXVariantGroup;
			children = (
				5DFF12551AF07466008042CF /* Base */,
			);
			name = LaunchScreen.xib;
			sourceTree = "<group>";
		};
/* End PBXVariantGroup section */

/* Begin XCBuildConfiguration section */
		5DFF12631AF07466008042CF /* Debug */ = {
			isa = XCBuildConfiguration;
			buildSettings = {
				ALWAYS_SEARCH_USER_PATHS = NO;
				CLANG_CXX_LANGUAGE_STANDARD = "gnu++0x";
				CLANG_CXX_LIBRARY = "libc++";
				CLANG_ENABLE_MODULES = YES;
				CLANG_ENABLE_OBJC_ARC = YES;
				CLANG_WARN_BOOL_CONVERSION = YES;
				CLANG_WARN_CONSTANT_CONVERSION = YES;
				CLANG_WARN_DIRECT_OBJC_ISA_USAGE = YES_ERROR;
				CLANG_WARN_EMPTY_BODY = YES;
				CLANG_WARN_ENUM_CONVERSION = YES;
				CLANG_WARN_INT_CONVERSION = YES;
				CLANG_WARN_OBJC_ROOT_CLASS = YES_ERROR;
				CLANG_WARN_UNREACHABLE_CODE = YES;
				CLANG_WARN__DUPLICATE_METHOD_MATCH = YES;
				"CODE_SIGN_IDENTITY[sdk=iphoneos*]" = "iPhone Developer";
				COPY_PHASE_STRIP = NO;
				DEBUG_INFORMATION_FORMAT = "dwarf-with-dsym";
				ENABLE_STRICT_OBJC_MSGSEND = YES;
				GCC_C_LANGUAGE_STANDARD = gnu99;
				GCC_DYNAMIC_NO_PIC = NO;
				GCC_NO_COMMON_BLOCKS = YES;
				GCC_OPTIMIZATION_LEVEL = 0;
				GCC_PREPROCESSOR_DEFINITIONS = (
					"DEBUG=1",
					"$(inherited)",
				);
				GCC_SYMBOLS_PRIVATE_EXTERN = NO;
				GCC_WARN_64_TO_32_BIT_CONVERSION = YES;
				GCC_WARN_ABOUT_RETURN_TYPE = YES_ERROR;
				GCC_WARN_UNDECLARED_SELECTOR = YES;
				GCC_WARN_UNINITIALIZED_AUTOS = YES_AGGRESSIVE;
				GCC_WARN_UNUSED_FUNCTION = YES;
				GCC_WARN_UNUSED_VARIABLE = YES;
				IPHONEOS_DEPLOYMENT_TARGET = 8.3;
				MTL_ENABLE_DEBUG_INFO = YES;
				ONLY_ACTIVE_ARCH = YES;
				SDKROOT = iphoneos;
			};
			name = Debug;
		};
		5DFF12641AF07466008042CF /* Release */ = {
			isa = XCBuildConfiguration;
			buildSettings = {
				ALWAYS_SEARCH_USER_PATHS = NO;
				CLANG_CXX_LANGUAGE_STANDARD = "gnu++0x";
				CLANG_CXX_LIBRARY = "libc++";
				CLANG_ENABLE_MODULES = YES;
				CLANG_ENABLE_OBJC_ARC = YES;
				CLANG_WARN_BOOL_CONVERSION = YES;
				CLANG_WARN_CONSTANT_CONVERSION = YES;
				CLANG_WARN_DIRECT_OBJC_ISA_USAGE = YES_ERROR;
				CLANG_WARN_EMPTY_BODY = YES;
				CLANG_WARN_ENUM_CONVERSION = YES;
				CLANG_WARN_INT_CONVERSION = YES;
				CLANG_WARN_OBJC_ROOT_CLASS = YES_ERROR;
				CLANG_WARN_UNREACHABLE_CODE = YES;
				CLANG_WARN__DUPLICATE_METHOD_MATCH = YES;
				"CODE_SIGN_IDENTITY[sdk=iphoneos*]" = "iPhone Developer";
				COPY_PHASE_STRIP = NO;
				DEBUG_INFORMATION_FORMAT = "dwarf-with-dsym";
				ENABLE_NS_ASSERTIONS = NO;
				ENABLE_STRICT_OBJC_MSGSEND = YES;
				GCC_C_LANGUAGE_STANDARD = gnu99;
				GCC_NO_COMMON_BLOCKS = YES;
				GCC_WARN_64_TO_32_BIT_CONVERSION = YES;
				GCC_WARN_ABOUT_RETURN_TYPE = YES_ERROR;
				GCC_WARN_UNDECLARED_SELECTOR = YES;
				GCC_WARN_UNINITIALIZED_AUTOS = YES_AGGRESSIVE;
				GCC_WARN_UNUSED_FUNCTION = YES;
				GCC_WARN_UNUSED_VARIABLE = YES;
				IPHONEOS_DEPLOYMENT_TARGET = 8.3;
				MTL_ENABLE_DEBUG_INFO = NO;
				SDKROOT = iphoneos;
				VALIDATE_PRODUCT = YES;
			};
			name = Release;
		};
		5DFF12661AF07466008042CF /* Debug */ = {
			isa = XCBuildConfiguration;
			buildSettings = {
				ASSETCATALOG_COMPILER_APPICON_NAME = AppIcon;
				CODE_SIGN_IDENTITY = "iPhone Developer: kuo zheng  (7B677HTGG5)";
				INFOPLIST_FILE = DeepIntoCategory/Info.plist;
				LD_RUNPATH_SEARCH_PATHS = "$(inherited) @executable_path/Frameworks";
				PRODUCT_NAME = "$(TARGET_NAME)";
				PROVISIONING_PROFILE = "2caa4066-8c0a-4ff9-a668-9514320c7739";
			};
			name = Debug;
		};
		5DFF12671AF07466008042CF /* Release */ = {
			isa = XCBuildConfiguration;
			buildSettings = {
				ASSETCATALOG_COMPILER_APPICON_NAME = AppIcon;
				CODE_SIGN_IDENTITY = "iPhone Developer: kuo zheng  (7B677HTGG5)";
				INFOPLIST_FILE = DeepIntoCategory/Info.plist;
				LD_RUNPATH_SEARCH_PATHS = "$(inherited) @executable_path/Frameworks";
				PRODUCT_NAME = "$(TARGET_NAME)";
				PROVISIONING_PROFILE = "2caa4066-8c0a-4ff9-a668-9514320c7739";
			};
			name = Release;
		};
		5DFF12691AF07466008042CF /* Debug */ = {
			isa = XCBuildConfiguration;
			buildSettings = {
				BUNDLE_LOADER = "$(TEST_HOST)";
				FRAMEWORK_SEARCH_PATHS = (
					"$(SDKROOT)/Developer/Library/Frameworks",
					"$(inherited)",
				);
				GCC_PREPROCESSOR_DEFINITIONS = (
					"DEBUG=1",
					"$(inherited)",
				);
				INFOPLIST_FILE = DeepIntoCategoryTests/Info.plist;
				LD_RUNPATH_SEARCH_PATHS = "$(inherited) @executable_path/Frameworks @loader_path/Frameworks";
				PRODUCT_NAME = "$(TARGET_NAME)";
				TEST_HOST = "$(BUILT_PRODUCTS_DIR)/DeepIntoCategory.app/DeepIntoCategory";
			};
			name = Debug;
		};
		5DFF126A1AF07466008042CF /* Release */ = {
			isa = XCBuildConfiguration;
			buildSettings = {
				BUNDLE_LOADER = "$(TEST_HOST)";
				FRAMEWORK_SEARCH_PATHS = (
					"$(SDKROOT)/Developer/Library/Frameworks",
					"$(inherited)",
				);
				INFOPLIST_FILE = DeepIntoCategoryTests/Info.plist;
				LD_RUNPATH_SEARCH_PATHS = "$(inherited) @executable_path/Frameworks @loader_path/Frameworks";
				PRODUCT_NAME = "$(TARGET_NAME)";
				TEST_HOST = "$(BUILT_PRODUCTS_DIR)/DeepIntoCategory.app/DeepIntoCategory";
			};
			name = Release;
		};
/* End XCBuildConfiguration section */

/* Begin XCConfigurationList section */
		5DFF123D1AF07466008042CF /* Build configuration list for PBXProject "DeepIntoCategory" */ = {
			isa = XCConfigurationList;
			buildConfigurations = (
				5DFF12631AF07466008042CF /* Debug */,
				5DFF12641AF07466008042CF /* Release */,
			);
			defaultConfigurationIsVisible = 0;
			defaultConfigurationName = Release;
		};
		5DFF12651AF07466008042CF /* Build configuration list for PBXNativeTarget "DeepIntoCategory" */ = {
			isa = XCConfigurationList;
			buildConfigurations = (
				5DFF12661AF07466008042CF /* Debug */,
				5DFF12671AF07466008042CF /* Release */,
			);
			defaultConfigurationIsVisible = 0;
			defaultConfigurationName = Release;
		};
		5DFF12681AF07466008042CF /* Build configuration list for PBXNativeTarget "DeepIntoCategoryTests" */ = {
			isa = XCConfigurationList;
			buildConfigurations = (
				5DFF12691AF07466008042CF /* Debug */,
				5DFF126A1AF07466008042CF /* Release */,
			);
			defaultConfigurationIsVisible = 0;
			defaultConfigurationName = Release;
		};
/* End XCConfigurationList section */
	};
	rootObject = 5DFF123A1AF07466008042CF /* Project object */;
}
